<Solution>
  <Folder Name="/src/">
    <Project Path="src/ElevateHire.Application/ElevateHire.Application.csproj" />
    <Project Path="src/ElevateHire.Domain/ElevateHire.Domain.csproj" />
    <Project Path="src/ElevateHire.Infrastructure/ElevateHire.Infrastructure.csproj" />
    <Project Path="src/ElevateHire.Web/ElevateHire.Web.csproj" />
  </Folder>
  <Folder Name="/tests/">
    <Project Path="tests/ElevateHire.IntegrationTests/ElevateHire.IntegrationTests.csproj" />
    <Project Path="tests/ElevateHire.UnitTests/ElevateHire.UnitTests.csproj" />
  </Folder>
</Solution>
