<Solution>
  <Folder Name="/src/">
    <Project Path="src/ElevateWorkforce.Application/ElevateWorkforce.Application.csproj" />
    <Project Path="src/ElevateWorkforce.Domain/ElevateWorkforce.Domain.csproj" />
    <Project Path="src/ElevateWorkforce.Infrastructure/ElevateWorkforce.Infrastructure.csproj" />
    <Project Path="src/ElevateWorkforce.Web/ElevateWorkforce.Web.csproj" />
  </Folder>
  <Folder Name="/tests/">
    <Project Path="tests/ElevateHire.IntegrationTests/ElevateWorkforce.IntegrationTests.csproj" />
    <Project Path="tests/ElevateHire.UnitTests/ElevateWorkforce.UnitTests.csproj" />
  </Folder>
</Solution>
